
Microsoft Visual Studio Solution File, Format Version 12.00
# Visual Studio Version 16
VisualStudioVersion = 16.0.29920.165
MinimumVisualStudioVersion = 10.0.40219.1
Project("{9092AA53-FB77-4645-B42D-1CCCA6BD08BD}") = "CisSuklRestApi", "CisSuklRestApi.njsproj", "{DB6E6569-3637-4F54-A2D0-52951C2738B6}"
EndProject
Global
	GlobalSection(SolutionConfigurationPlatforms) = preSolution
		Debug|Any CPU = Debug|Any CPU
		Release|Any CPU = Release|Any CPU
	EndGlobalSection
	GlobalSection(ProjectConfigurationPlatforms) = postSolution
		{DB6E6569-3637-4F54-A2D0-52951C2738B6}.Debug|Any CPU.ActiveCfg = Debug|Any CPU
		{DB6E6569-3637-4F54-A2D0-52951C2738B6}.Debug|Any CPU.Build.0 = Debug|Any CPU
		{DB6E6569-3637-4F54-A2D0-52951C2738B6}.Release|Any CPU.ActiveCfg = Release|Any CPU
		{DB6E6569-3637-4F54-A2D0-52951C2738B6}.Release|Any CPU.Build.0 = Release|Any CPU
	EndGlobalSection
	GlobalSection(SolutionProperties) = preSolution
		HideSolutionNode = FALSE
	EndGlobalSection
	GlobalSection(ExtensibilityGlobals) = postSolution
		SolutionGuid = {0DDB7D39-41D5-4793-9B2A-836F7D5C3715}
	EndGlobalSection
EndGlobal
